{
  "name": "github-actions-testing",
  "version": "1.0.0",
  "lockfileVersion": 3,
  "requires": true,
  "packages": {
    "": {
      "name": "github-actions-testing",
      "version": "1.0.0",
      "license": "SEE LICENSE IN LICENSE.md",
      "devDependencies": {
        "@prettier/plugin-xml": "^3.4.2",
        "prettier": "^3.4.2"
      }
    },
    "node_modules/@prettier/plugin-xml": {
      "version": "3.4.2",
      "resolved": "https://ms-feed-2.pkgs.visualstudio.com/1es-public/_packaging/npm-public/npm/registry/@prettier/plugin-xml/-/plugin-xml-3.4.2.tgz",
      "integrity": "sha1-rQtGptc64Wzvt0TJjAzMYExR+Yo=",
      "dev": true,
      "license": "MIT",
      "dependencies": {
        "@xml-tools/parser": "^1.0.11"
      },
      "peerDependencies": {
        "prettier": "^3.0.0"
      }
    },
    "node_modules/@xml-tools/parser": {
      "version": "1.0.11",
      "resolved": "https://ms-feed-25.pkgs.visualstudio.com/1es-public/_packaging/npm-public/npm/registry/@xml-tools/parser/-/parser-1.0.11.tgz",
      "integrity": "sha1-oRihQJnqXDxTfkeB+tL8GVtX+P8=",
      "dev": true,
      "license": "Apache-2.0",
      "dependencies": {
        "chevrotain": "7.1.1"
      }
    },
    "node_modules/chevrotain": {
      "version": "7.1.1",
      "resolved": "https://ms-feed-2.pkgs.visualstudio.com/1es-public/_packaging/npm-public/npm/registry/chevrotain/-/chevrotain-7.1.1.tgz",
      "integrity": "sha1-USKBTq/RWFqWAfkYCnvpxC1WmcY=",
      "dev": true,
      "license": "Apache-2.0",
      "dependencies": {
        "regexp-to-ast": "0.5.0"
      }
    },
    "node_modules/prettier": {
      "version": "3.4.2",
      "resolved": "https://registry.npmjs.org/prettier/-/prettier-3.4.2.tgz",
      "integrity": "sha512-e9MewbtFo+Fevyuxn/4rrcDAaq0IYxPGLvObpQjiZBMAzB9IGmzlnG9RZy3FFas+eBMu2vA0CszMeduow5dIuQ==",
      "dev": true,
      "license": "MIT",
      "bin": {
        "prettier": "bin/prettier.cjs"
      },
      "engines": {
        "node": ">=14"
      },
      "funding": {
        "url": "https://github.com/prettier/prettier?sponsor=1"
      }
    },
    "node_modules/regexp-to-ast": {
      "version": "0.5.0",
      "resolved": "https://ms-feed-12.pkgs.visualstudio.com/1es-public/_packaging/npm-public/npm/registry/regexp-to-ast/-/regexp-to-ast-0.5.0.tgz",
      "integrity": "sha1-Vsc4Vr7l4f739zoA8Uc0UqtxKiQ=",
      "dev": true,
      "license": "MIT"
    }
  }
}
